
Microsoft Visual Studio Solution File, Format Version 12.00
# Visual Studio Version 16
VisualStudioVersion = 16.0.29306.81
MinimumVisualStudioVersion = 10.0.40219.1
Project("{8BC9CEB8-8B4A-11D0-8D11-00A0C91BC942}") = "FILE_Bubblesort", "FILE_Bubblesort\FILE_Bubblesort.vcxproj", "{B6639569-AF69-4EF4-B969-A02945C12895}"
EndProject
Global
	GlobalSection(SolutionConfigurationPlatforms) = preSolution
		Debug|x64 = Debug|x64
		Debug|x86 = Debug|x86
		Release|x64 = Release|x64
		Release|x86 = Release|x86
	EndGlobalSection
	GlobalSection(ProjectConfigurationPlatforms) = postSolution
		{B6639569-AF69-4EF4-B969-A02945C12895}.Debug|x64.ActiveCfg = Debug|x64
		{B6639569-AF69-4EF4-B969-A02945C12895}.Debug|x64.Build.0 = Debug|x64
		{B6639569-AF69-4EF4-B969-A02945C12895}.Debug|x86.ActiveCfg = Debug|Win32
		{B6639569-AF69-4EF4-B969-A02945C12895}.Debug|x86.Build.0 = Debug|Win32
		{B6639569-AF69-4EF4-B969-A02945C12895}.Release|x64.ActiveCfg = Release|x64
		{B6639569-AF69-4EF4-B969-A02945C12895}.Release|x64.Build.0 = Release|x64
		{B6639569-AF69-4EF4-B969-A02945C12895}.Release|x86.ActiveCfg = Release|Win32
		{B6639569-AF69-4EF4-B969-A02945C12895}.Release|x86.Build.0 = Release|Win32
	EndGlobalSection
	GlobalSection(SolutionProperties) = preSolution
		HideSolutionNode = FALSE
	EndGlobalSection
	GlobalSection(ExtensibilityGlobals) = postSolution
		SolutionGuid = {55EB104E-FFCD-442F-9548-E11F11FBF141}
	EndGlobalSection
EndGlobal
